
Microsoft Visual Studio Solution File, Format Version 12.00
# Visual Studio 14
VisualStudioVersion = 14.0.25123.0
MinimumVisualStudioVersion = 10.0.40219.1
Project("{E24C65DC-7377-472B-9ABA-BC803B73C61A}") = "AcumaticaDemo60", "http://localhost/AcumaticaDemo60", "{2A652927-7EF5-411C-8831-714CC67B5D06}"
	ProjectSection(WebsiteProperties) = preProject
		UseIISExpress = "false"
		TargetFrameworkMoniker = ".NETFramework,Version%3Dv4.5.1"
		ProjectReferences = "{1c0ca8e4-ea5b-4c01-a13d-396eeb4b566f}|PX.Objects.WM.dll;"
		Debug.AspNetCompiler.VirtualPath = "/AcumaticaDemo60"
		Debug.AspNetCompiler.PhysicalPath = "..\..\Program Files (x86)\Acumatica ERP\AcumaticaDemo60\"
		Debug.AspNetCompiler.TargetPath = "PrecompiledWeb\AcumaticaDemo60\"
		Debug.AspNetCompiler.Updateable = "true"
		Debug.AspNetCompiler.ForceOverwrite = "true"
		Debug.AspNetCompiler.FixedNames = "false"
		Debug.AspNetCompiler.Debug = "True"
		Release.AspNetCompiler.VirtualPath = "/AcumaticaDemo60"
		Release.AspNetCompiler.PhysicalPath = "..\..\Program Files (x86)\Acumatica ERP\AcumaticaDemo60\"
		Release.AspNetCompiler.TargetPath = "PrecompiledWeb\AcumaticaDemo60\"
		Release.AspNetCompiler.Updateable = "true"
		Release.AspNetCompiler.ForceOverwrite = "true"
		Release.AspNetCompiler.FixedNames = "false"
		Release.AspNetCompiler.Debug = "False"
		SlnRelativePath = "..\..\Program Files (x86)\Acumatica ERP\AcumaticaDemo60\"
	EndProjectSection
EndProject
Project("{FAE04EC0-301F-11D3-BF4B-00C04F79EFBC}") = "PX.Objects.WM", "PX.Objects.WM\PX.Objects.WM.csproj", "{1C0CA8E4-EA5B-4C01-A13D-396EEB4B566F}"
EndProject
Global
	GlobalSection(SolutionConfigurationPlatforms) = preSolution
		Debug|Any CPU = Debug|Any CPU
		Release|Any CPU = Release|Any CPU
	EndGlobalSection
	GlobalSection(ProjectConfigurationPlatforms) = postSolution
		{2A652927-7EF5-411C-8831-714CC67B5D06}.Debug|Any CPU.ActiveCfg = Debug|Any CPU
		{2A652927-7EF5-411C-8831-714CC67B5D06}.Debug|Any CPU.Build.0 = Debug|Any CPU
		{2A652927-7EF5-411C-8831-714CC67B5D06}.Release|Any CPU.ActiveCfg = Debug|Any CPU
		{2A652927-7EF5-411C-8831-714CC67B5D06}.Release|Any CPU.Build.0 = Debug|Any CPU
		{1C0CA8E4-EA5B-4C01-A13D-396EEB4B566F}.Debug|Any CPU.ActiveCfg = Debug|Any CPU
		{1C0CA8E4-EA5B-4C01-A13D-396EEB4B566F}.Debug|Any CPU.Build.0 = Debug|Any CPU
		{1C0CA8E4-EA5B-4C01-A13D-396EEB4B566F}.Release|Any CPU.ActiveCfg = Release|Any CPU
		{1C0CA8E4-EA5B-4C01-A13D-396EEB4B566F}.Release|Any CPU.Build.0 = Release|Any CPU
	EndGlobalSection
	GlobalSection(SolutionProperties) = preSolution
		HideSolutionNode = FALSE
	EndGlobalSection
EndGlobal
